
Microsoft Visual Studio Solution File, Format Version 12.00
# Visual Studio Version 16
VisualStudioVersion = 16.0.29215.179
MinimumVisualStudioVersion = 10.0.40219.1
Project("{FAE04EC0-301F-11D3-BF4B-00C04F79EFBC}") = "lab_08_dynamic", "lab_08_dynamic\lab_08_dynamic.csproj", "{9E36D092-38DA-481A-8FF0-9D5C2E010192}"
EndProject
Global
	GlobalSection(SolutionConfigurationPlatforms) = preSolution
		Debug|Any CPU = Debug|Any CPU
		Release|Any CPU = Release|Any CPU
	EndGlobalSection
	GlobalSection(ProjectConfigurationPlatforms) = postSolution
		{9E36D092-38DA-481A-8FF0-9D5C2E010192}.Debug|Any CPU.ActiveCfg = Debug|Any CPU
		{9E36D092-38DA-481A-8FF0-9D5C2E010192}.Debug|Any CPU.Build.0 = Debug|Any CPU
		{9E36D092-38DA-481A-8FF0-9D5C2E010192}.Release|Any CPU.ActiveCfg = Release|Any CPU
		{9E36D092-38DA-481A-8FF0-9D5C2E010192}.Release|Any CPU.Build.0 = Release|Any CPU
	EndGlobalSection
	GlobalSection(SolutionProperties) = preSolution
		HideSolutionNode = FALSE
	EndGlobalSection
	GlobalSection(ExtensibilityGlobals) = postSolution
		SolutionGuid = {87B3DDA1-0442-4C48-9C1D-5D13BDBA2385}
	EndGlobalSection
EndGlobal
