
Microsoft Visual Studio Solution File, Format Version 12.00
# Visual Studio Version 16
VisualStudioVersion = 16.0.29215.179
MinimumVisualStudioVersion = 10.0.40219.1
Project("{FAE04EC0-301F-11D3-BF4B-00C04F79EFBC}") = "lab_01_hello_world", "lab_01_hello_world\lab_01_hello_world.csproj", "{8884BE66-2532-43EB-9EF0-1080D6A9F04C}"
EndProject
Project("{9A19103F-16F7-4668-BE54-9A1E7A4F7556}") = "lab_02_class", "lab_02_class\lab_02_class.csproj", "{94C1E6FB-938A-4020-A71C-C0DBE7DC1496}"
EndProject
Project("{9A19103F-16F7-4668-BE54-9A1E7A4F7556}") = "lab_03_public_private_fields", "lab_03_public_private_fields\lab_03_public_private_fields.csproj", "{EFBFB539-5D23-4290-8196-4B55CB2DB1C1}"
EndProject
Project("{9A19103F-16F7-4668-BE54-9A1E7A4F7556}") = "lab_04_class_summary", "lab_04_class_summary\lab_04_class_summary.csproj", "{863BDE16-CA9B-42E0-9658-2633DD391101}"
EndProject
Project("{9A19103F-16F7-4668-BE54-9A1E7A4F7556}") = "lab_04_properties", "lab_04_properties\lab_04_properties.csproj", "{76FF5134-D682-47EB-A25A-15B2B9D50980}"
EndProject
Project("{9A19103F-16F7-4668-BE54-9A1E7A4F7556}") = "lab_05_rabbits", "lab_05_rabbits\lab_05_rabbits.csproj", "{23A2D7CB-BDA8-4E8F-BF63-6824B86B0DF5}"
EndProject
Project("{9A19103F-16F7-4668-BE54-9A1E7A4F7556}") = "lab_06_inheritance", "lab_06_inheritance\lab_06_inheritance.csproj", "{2D2BCFE1-161D-4AD7-802F-AA2DCE60C3CE}"
EndProject
Project("{9A19103F-16F7-4668-BE54-9A1E7A4F7556}") = "labs_07_methods", "labs_07_methods\labs_07_methods.csproj", "{6ACC5B84-9447-4605-823A-5988223850EB}"
EndProject
Project("{9A19103F-16F7-4668-BE54-9A1E7A4F7556}") = "labs_09_constructor", "labs_09_constructor\labs_09_constructor.csproj", "{235E4079-84C0-4DF8-8A33-2526F0BF265C}"
EndProject
Project("{9A19103F-16F7-4668-BE54-9A1E7A4F7556}") = "lab_10_overloading", "lab_10_overloading\lab_10_overloading.csproj", "{545193B3-B710-4298-A174-4D5DEFBFF5AD}"
EndProject
Project("{9A19103F-16F7-4668-BE54-9A1E7A4F7556}") = "lab_11_polymorphism", "lab_11_polymorphism\lab_11_polymorphism.csproj", "{AF52B230-5118-4CC7-91BE-AED69733A640}"
EndProject
Project("{9A19103F-16F7-4668-BE54-9A1E7A4F7556}") = "justdoit", "justdoit\justdoit.csproj", "{C8E556C6-4C52-43AD-ABC8-51A3A07702C2}"
EndProject
Project("{9A19103F-16F7-4668-BE54-9A1E7A4F7556}") = "test_me_out", "test_me_out\test_me_out.csproj", "{107E74FF-1B41-4B55-9A2B-EFCFE6FCDBED}"
EndProject
Project("{9A19103F-16F7-4668-BE54-9A1E7A4F7556}") = "NUnitTest2", "NUnitTest2\NUnitTest2.csproj", "{B9518436-C185-41DF-941C-87E3BF1351A2}"
EndProject
Project("{9A19103F-16F7-4668-BE54-9A1E7A4F7556}") = "lab_13_files", "lab_13_files\lab_13_files.csproj", "{BD71E6A0-E834-4FDB-A0CD-20187219F1AA}"
EndProject
Project("{9A19103F-16F7-4668-BE54-9A1E7A4F7556}") = "lab_14_stopwatch", "lab_14_stopwatch\lab_14_stopwatch.csproj", "{1A271CCD-5D59-416E-BF94-E1C5316FD527}"
EndProject
Project("{9A19103F-16F7-4668-BE54-9A1E7A4F7556}") = "lab_15_abstact_class", "lab_15_abstact_class\lab_15_abstact_class.csproj", "{8317CFD5-FF43-4C4D-94A0-4BD38997F03D}"
EndProject
Project("{9A19103F-16F7-4668-BE54-9A1E7A4F7556}") = "lab_15_b_abstact_class", "lab_15_b_abstact_class\lab_15_b_abstact_class.csproj", "{9ABF3F9B-2C53-4558-8B89-7414B4C743E2}"
EndProject
Project("{FAE04EC0-301F-11D3-BF4B-00C04F79EFBC}") = "lab_16_wpf_rabbit_explosion", "lab_16_wpf_rabbit_explosion\lab_16_wpf_rabbit_explosion.csproj", "{5EDA5BF0-7230-4DE2-9A3C-2BA9595E9399}"
EndProject
Project("{FAE04EC0-301F-11D3-BF4B-00C04F79EFBC}") = "lab_17_rabbit_database_explosion", "lab_17_rabbit_database_explosion\lab_17_rabbit_database_explosion.csproj", "{59B8CF73-B25E-4995-B329-931C44E92B6A}"
EndProject
Project("{FAE04EC0-301F-11D3-BF4B-00C04F79EFBC}") = "Just_Do_It_12_Rabbit_Explosion", "Just_Do_It_12_Rabbit_Explosion\Just_Do_It_12_Rabbit_Explosion.csproj", "{0A1D6819-ACBF-435B-B38C-61C9ED403AE8}"
EndProject
Project("{FAE04EC0-301F-11D3-BF4B-00C04F79EFBC}") = "lab_18_rabbit_database_crud", "lab_18_rabbit_database_crud\lab_18_rabbit_database_crud.csproj", "{CD46AD48-B308-4FE6-BA94-E4EE68AD1779}"
EndProject
Project("{FAE04EC0-301F-11D3-BF4B-00C04F79EFBC}") = "lab_19_Struct", "lab_19_Struct\lab_19_Struct.csproj", "{717AA900-9F23-4FBA-A60C-179654F53287}"
EndProject
Global
	GlobalSection(SolutionConfigurationPlatforms) = preSolution
		Debug|Any CPU = Debug|Any CPU
		Release|Any CPU = Release|Any CPU
	EndGlobalSection
	GlobalSection(ProjectConfigurationPlatforms) = postSolution
		{8884BE66-2532-43EB-9EF0-1080D6A9F04C}.Debug|Any CPU.ActiveCfg = Debug|Any CPU
		{8884BE66-2532-43EB-9EF0-1080D6A9F04C}.Debug|Any CPU.Build.0 = Debug|Any CPU
		{8884BE66-2532-43EB-9EF0-1080D6A9F04C}.Release|Any CPU.ActiveCfg = Release|Any CPU
		{8884BE66-2532-43EB-9EF0-1080D6A9F04C}.Release|Any CPU.Build.0 = Release|Any CPU
		{94C1E6FB-938A-4020-A71C-C0DBE7DC1496}.Debug|Any CPU.ActiveCfg = Debug|Any CPU
		{94C1E6FB-938A-4020-A71C-C0DBE7DC1496}.Debug|Any CPU.Build.0 = Debug|Any CPU
		{94C1E6FB-938A-4020-A71C-C0DBE7DC1496}.Release|Any CPU.ActiveCfg = Release|Any CPU
		{94C1E6FB-938A-4020-A71C-C0DBE7DC1496}.Release|Any CPU.Build.0 = Release|Any CPU
		{EFBFB539-5D23-4290-8196-4B55CB2DB1C1}.Debug|Any CPU.ActiveCfg = Debug|Any CPU
		{EFBFB539-5D23-4290-8196-4B55CB2DB1C1}.Debug|Any CPU.Build.0 = Debug|Any CPU
		{EFBFB539-5D23-4290-8196-4B55CB2DB1C1}.Release|Any CPU.ActiveCfg = Release|Any CPU
		{EFBFB539-5D23-4290-8196-4B55CB2DB1C1}.Release|Any CPU.Build.0 = Release|Any CPU
		{863BDE16-CA9B-42E0-9658-2633DD391101}.Debug|Any CPU.ActiveCfg = Debug|Any CPU
		{863BDE16-CA9B-42E0-9658-2633DD391101}.Debug|Any CPU.Build.0 = Debug|Any CPU
		{863BDE16-CA9B-42E0-9658-2633DD391101}.Release|Any CPU.ActiveCfg = Release|Any CPU
		{863BDE16-CA9B-42E0-9658-2633DD391101}.Release|Any CPU.Build.0 = Release|Any CPU
		{76FF5134-D682-47EB-A25A-15B2B9D50980}.Debug|Any CPU.ActiveCfg = Debug|Any CPU
		{76FF5134-D682-47EB-A25A-15B2B9D50980}.Debug|Any CPU.Build.0 = Debug|Any CPU
		{76FF5134-D682-47EB-A25A-15B2B9D50980}.Release|Any CPU.ActiveCfg = Release|Any CPU
		{76FF5134-D682-47EB-A25A-15B2B9D50980}.Release|Any CPU.Build.0 = Release|Any CPU
		{23A2D7CB-BDA8-4E8F-BF63-6824B86B0DF5}.Debug|Any CPU.ActiveCfg = Debug|Any CPU
		{23A2D7CB-BDA8-4E8F-BF63-6824B86B0DF5}.Debug|Any CPU.Build.0 = Debug|Any CPU
		{23A2D7CB-BDA8-4E8F-BF63-6824B86B0DF5}.Release|Any CPU.ActiveCfg = Release|Any CPU
		{23A2D7CB-BDA8-4E8F-BF63-6824B86B0DF5}.Release|Any CPU.Build.0 = Release|Any CPU
		{2D2BCFE1-161D-4AD7-802F-AA2DCE60C3CE}.Debug|Any CPU.ActiveCfg = Debug|Any CPU
		{2D2BCFE1-161D-4AD7-802F-AA2DCE60C3CE}.Debug|Any CPU.Build.0 = Debug|Any CPU
		{2D2BCFE1-161D-4AD7-802F-AA2DCE60C3CE}.Release|Any CPU.ActiveCfg = Release|Any CPU
		{2D2BCFE1-161D-4AD7-802F-AA2DCE60C3CE}.Release|Any CPU.Build.0 = Release|Any CPU
		{6ACC5B84-9447-4605-823A-5988223850EB}.Debug|Any CPU.ActiveCfg = Debug|Any CPU
		{6ACC5B84-9447-4605-823A-5988223850EB}.Debug|Any CPU.Build.0 = Debug|Any CPU
		{6ACC5B84-9447-4605-823A-5988223850EB}.Release|Any CPU.ActiveCfg = Release|Any CPU
		{6ACC5B84-9447-4605-823A-5988223850EB}.Release|Any CPU.Build.0 = Release|Any CPU
		{235E4079-84C0-4DF8-8A33-2526F0BF265C}.Debug|Any CPU.ActiveCfg = Debug|Any CPU
		{235E4079-84C0-4DF8-8A33-2526F0BF265C}.Debug|Any CPU.Build.0 = Debug|Any CPU
		{235E4079-84C0-4DF8-8A33-2526F0BF265C}.Release|Any CPU.ActiveCfg = Release|Any CPU
		{235E4079-84C0-4DF8-8A33-2526F0BF265C}.Release|Any CPU.Build.0 = Release|Any CPU
		{545193B3-B710-4298-A174-4D5DEFBFF5AD}.Debug|Any CPU.ActiveCfg = Debug|Any CPU
		{545193B3-B710-4298-A174-4D5DEFBFF5AD}.Debug|Any CPU.Build.0 = Debug|Any CPU
		{545193B3-B710-4298-A174-4D5DEFBFF5AD}.Release|Any CPU.ActiveCfg = Release|Any CPU
		{545193B3-B710-4298-A174-4D5DEFBFF5AD}.Release|Any CPU.Build.0 = Release|Any CPU
		{AF52B230-5118-4CC7-91BE-AED69733A640}.Debug|Any CPU.ActiveCfg = Debug|Any CPU
		{AF52B230-5118-4CC7-91BE-AED69733A640}.Debug|Any CPU.Build.0 = Debug|Any CPU
		{AF52B230-5118-4CC7-91BE-AED69733A640}.Release|Any CPU.ActiveCfg = Release|Any CPU
		{AF52B230-5118-4CC7-91BE-AED69733A640}.Release|Any CPU.Build.0 = Release|Any CPU
		{C8E556C6-4C52-43AD-ABC8-51A3A07702C2}.Debug|Any CPU.ActiveCfg = Debug|Any CPU
		{C8E556C6-4C52-43AD-ABC8-51A3A07702C2}.Debug|Any CPU.Build.0 = Debug|Any CPU
		{C8E556C6-4C52-43AD-ABC8-51A3A07702C2}.Release|Any CPU.ActiveCfg = Release|Any CPU
		{C8E556C6-4C52-43AD-ABC8-51A3A07702C2}.Release|Any CPU.Build.0 = Release|Any CPU
		{107E74FF-1B41-4B55-9A2B-EFCFE6FCDBED}.Debug|Any CPU.ActiveCfg = Debug|Any CPU
		{107E74FF-1B41-4B55-9A2B-EFCFE6FCDBED}.Debug|Any CPU.Build.0 = Debug|Any CPU
		{107E74FF-1B41-4B55-9A2B-EFCFE6FCDBED}.Release|Any CPU.ActiveCfg = Release|Any CPU
		{107E74FF-1B41-4B55-9A2B-EFCFE6FCDBED}.Release|Any CPU.Build.0 = Release|Any CPU
		{B9518436-C185-41DF-941C-87E3BF1351A2}.Debug|Any CPU.ActiveCfg = Debug|Any CPU
		{B9518436-C185-41DF-941C-87E3BF1351A2}.Debug|Any CPU.Build.0 = Debug|Any CPU
		{B9518436-C185-41DF-941C-87E3BF1351A2}.Release|Any CPU.ActiveCfg = Release|Any CPU
		{B9518436-C185-41DF-941C-87E3BF1351A2}.Release|Any CPU.Build.0 = Release|Any CPU
		{BD71E6A0-E834-4FDB-A0CD-20187219F1AA}.Debug|Any CPU.ActiveCfg = Debug|Any CPU
		{BD71E6A0-E834-4FDB-A0CD-20187219F1AA}.Debug|Any CPU.Build.0 = Debug|Any CPU
		{BD71E6A0-E834-4FDB-A0CD-20187219F1AA}.Release|Any CPU.ActiveCfg = Release|Any CPU
		{BD71E6A0-E834-4FDB-A0CD-20187219F1AA}.Release|Any CPU.Build.0 = Release|Any CPU
		{1A271CCD-5D59-416E-BF94-E1C5316FD527}.Debug|Any CPU.ActiveCfg = Debug|Any CPU
		{1A271CCD-5D59-416E-BF94-E1C5316FD527}.Debug|Any CPU.Build.0 = Debug|Any CPU
		{1A271CCD-5D59-416E-BF94-E1C5316FD527}.Release|Any CPU.ActiveCfg = Release|Any CPU
		{1A271CCD-5D59-416E-BF94-E1C5316FD527}.Release|Any CPU.Build.0 = Release|Any CPU
		{8317CFD5-FF43-4C4D-94A0-4BD38997F03D}.Debug|Any CPU.ActiveCfg = Debug|Any CPU
		{8317CFD5-FF43-4C4D-94A0-4BD38997F03D}.Debug|Any CPU.Build.0 = Debug|Any CPU
		{8317CFD5-FF43-4C4D-94A0-4BD38997F03D}.Release|Any CPU.ActiveCfg = Release|Any CPU
		{8317CFD5-FF43-4C4D-94A0-4BD38997F03D}.Release|Any CPU.Build.0 = Release|Any CPU
		{9ABF3F9B-2C53-4558-8B89-7414B4C743E2}.Debug|Any CPU.ActiveCfg = Debug|Any CPU
		{9ABF3F9B-2C53-4558-8B89-7414B4C743E2}.Debug|Any CPU.Build.0 = Debug|Any CPU
		{9ABF3F9B-2C53-4558-8B89-7414B4C743E2}.Release|Any CPU.ActiveCfg = Release|Any CPU
		{9ABF3F9B-2C53-4558-8B89-7414B4C743E2}.Release|Any CPU.Build.0 = Release|Any CPU
		{5EDA5BF0-7230-4DE2-9A3C-2BA9595E9399}.Debug|Any CPU.ActiveCfg = Debug|Any CPU
		{5EDA5BF0-7230-4DE2-9A3C-2BA9595E9399}.Debug|Any CPU.Build.0 = Debug|Any CPU
		{5EDA5BF0-7230-4DE2-9A3C-2BA9595E9399}.Release|Any CPU.ActiveCfg = Release|Any CPU
		{5EDA5BF0-7230-4DE2-9A3C-2BA9595E9399}.Release|Any CPU.Build.0 = Release|Any CPU
		{59B8CF73-B25E-4995-B329-931C44E92B6A}.Debug|Any CPU.ActiveCfg = Debug|Any CPU
		{59B8CF73-B25E-4995-B329-931C44E92B6A}.Debug|Any CPU.Build.0 = Debug|Any CPU
		{59B8CF73-B25E-4995-B329-931C44E92B6A}.Release|Any CPU.ActiveCfg = Release|Any CPU
		{59B8CF73-B25E-4995-B329-931C44E92B6A}.Release|Any CPU.Build.0 = Release|Any CPU
		{0A1D6819-ACBF-435B-B38C-61C9ED403AE8}.Debug|Any CPU.ActiveCfg = Debug|Any CPU
		{0A1D6819-ACBF-435B-B38C-61C9ED403AE8}.Debug|Any CPU.Build.0 = Debug|Any CPU
		{0A1D6819-ACBF-435B-B38C-61C9ED403AE8}.Release|Any CPU.ActiveCfg = Release|Any CPU
		{0A1D6819-ACBF-435B-B38C-61C9ED403AE8}.Release|Any CPU.Build.0 = Release|Any CPU
		{CD46AD48-B308-4FE6-BA94-E4EE68AD1779}.Debug|Any CPU.ActiveCfg = Debug|Any CPU
		{CD46AD48-B308-4FE6-BA94-E4EE68AD1779}.Debug|Any CPU.Build.0 = Debug|Any CPU
		{CD46AD48-B308-4FE6-BA94-E4EE68AD1779}.Release|Any CPU.ActiveCfg = Release|Any CPU
		{CD46AD48-B308-4FE6-BA94-E4EE68AD1779}.Release|Any CPU.Build.0 = Release|Any CPU
		{717AA900-9F23-4FBA-A60C-179654F53287}.Debug|Any CPU.ActiveCfg = Debug|Any CPU
		{717AA900-9F23-4FBA-A60C-179654F53287}.Debug|Any CPU.Build.0 = Debug|Any CPU
		{717AA900-9F23-4FBA-A60C-179654F53287}.Release|Any CPU.ActiveCfg = Release|Any CPU
		{717AA900-9F23-4FBA-A60C-179654F53287}.Release|Any CPU.Build.0 = Release|Any CPU
	EndGlobalSection
	GlobalSection(SolutionProperties) = preSolution
		HideSolutionNode = FALSE
	EndGlobalSection
	GlobalSection(ExtensibilityGlobals) = postSolution
		SolutionGuid = {6953E5E2-3A3D-4B57-8710-2E27596F0D13}
	EndGlobalSection
EndGlobal
