
Microsoft Visual Studio Solution File, Format Version 12.00
# Visual Studio Version 16
VisualStudioVersion = 16.0.29215.179
MinimumVisualStudioVersion = 10.0.40219.1
Project("{FAE04EC0-301F-11D3-BF4B-00C04F79EFBC}") = "lab_01_hello_world", "lab_01_hello_world\lab_01_hello_world.csproj", "{8884BE66-2532-43EB-9EF0-1080D6A9F04C}"
EndProject
Project("{9A19103F-16F7-4668-BE54-9A1E7A4F7556}") = "lab_02_class", "lab_02_class\lab_02_class.csproj", "{94C1E6FB-938A-4020-A71C-C0DBE7DC1496}"
EndProject
Project("{9A19103F-16F7-4668-BE54-9A1E7A4F7556}") = "lab_03_public_private_fields", "lab_03_public_private_fields\lab_03_public_private_fields.csproj", "{EFBFB539-5D23-4290-8196-4B55CB2DB1C1}"
EndProject
Project("{9A19103F-16F7-4668-BE54-9A1E7A4F7556}") = "lab_04_class_summary", "lab_04_class_summary\lab_04_class_summary.csproj", "{863BDE16-CA9B-42E0-9658-2633DD391101}"
EndProject
Project("{9A19103F-16F7-4668-BE54-9A1E7A4F7556}") = "lab_04_properties", "lab_04_properties\lab_04_properties.csproj", "{76FF5134-D682-47EB-A25A-15B2B9D50980}"
EndProject
Project("{9A19103F-16F7-4668-BE54-9A1E7A4F7556}") = "lab_05_rabbits", "lab_05_rabbits\lab_05_rabbits.csproj", "{23A2D7CB-BDA8-4E8F-BF63-6824B86B0DF5}"
EndProject
Project("{9A19103F-16F7-4668-BE54-9A1E7A4F7556}") = "lab_06_inheritance", "lab_06_inheritance\lab_06_inheritance.csproj", "{2D2BCFE1-161D-4AD7-802F-AA2DCE60C3CE}"
EndProject
Project("{9A19103F-16F7-4668-BE54-9A1E7A4F7556}") = "labs_07_methods", "labs_07_methods\labs_07_methods.csproj", "{6ACC5B84-9447-4605-823A-5988223850EB}"
EndProject
Project("{9A19103F-16F7-4668-BE54-9A1E7A4F7556}") = "labs_09_constructor", "labs_09_constructor\labs_09_constructor.csproj", "{235E4079-84C0-4DF8-8A33-2526F0BF265C}"
EndProject
Project("{9A19103F-16F7-4668-BE54-9A1E7A4F7556}") = "lab_10_overloading", "lab_10_overloading\lab_10_overloading.csproj", "{545193B3-B710-4298-A174-4D5DEFBFF5AD}"
EndProject
Project("{9A19103F-16F7-4668-BE54-9A1E7A4F7556}") = "lab_11_polymorphism", "lab_11_polymorphism\lab_11_polymorphism.csproj", "{AF52B230-5118-4CC7-91BE-AED69733A640}"
EndProject
Project("{9A19103F-16F7-4668-BE54-9A1E7A4F7556}") = "justdoit", "justdoit\justdoit.csproj", "{C8E556C6-4C52-43AD-ABC8-51A3A07702C2}"
EndProject
Project("{9A19103F-16F7-4668-BE54-9A1E7A4F7556}") = "test_me_out", "test_me_out\test_me_out.csproj", "{107E74FF-1B41-4B55-9A2B-EFCFE6FCDBED}"
EndProject
Project("{9A19103F-16F7-4668-BE54-9A1E7A4F7556}") = "NUnitTest2", "NUnitTest2\NUnitTest2.csproj", "{B9518436-C185-41DF-941C-87E3BF1351A2}"
EndProject
Project("{9A19103F-16F7-4668-BE54-9A1E7A4F7556}") = "lab_13_files", "lab_13_files\lab_13_files.csproj", "{BD71E6A0-E834-4FDB-A0CD-20187219F1AA}"
EndProject
Project("{9A19103F-16F7-4668-BE54-9A1E7A4F7556}") = "lab_14_stopwatch", "lab_14_stopwatch\lab_14_stopwatch.csproj", "{1A271CCD-5D59-416E-BF94-E1C5316FD527}"
EndProject
Project("{9A19103F-16F7-4668-BE54-9A1E7A4F7556}") = "lab_15_abstact_class", "lab_15_abstact_class\lab_15_abstact_class.csproj", "{8317CFD5-FF43-4C4D-94A0-4BD38997F03D}"
EndProject
Project("{9A19103F-16F7-4668-BE54-9A1E7A4F7556}") = "lab_15_b_abstact_class", "lab_15_b_abstact_class\lab_15_b_abstact_class.csproj", "{9ABF3F9B-2C53-4558-8B89-7414B4C743E2}"
EndProject
Project("{FAE04EC0-301F-11D3-BF4B-00C04F79EFBC}") = "lab_16_wpf_rabbit_explosion", "lab_16_wpf_rabbit_explosion\lab_16_wpf_rabbit_explosion.csproj", "{5EDA5BF0-7230-4DE2-9A3C-2BA9595E9399}"
EndProject
Project("{FAE04EC0-301F-11D3-BF4B-00C04F79EFBC}") = "lab_17_rabbit_database_explosion", "lab_17_rabbit_database_explosion\lab_17_rabbit_database_explosion.csproj", "{59B8CF73-B25E-4995-B329-931C44E92B6A}"
EndProject
Project("{FAE04EC0-301F-11D3-BF4B-00C04F79EFBC}") = "Just_Do_It_12_Rabbit_Explosion", "Just_Do_It_12_Rabbit_Explosion\Just_Do_It_12_Rabbit_Explosion.csproj", "{0A1D6819-ACBF-435B-B38C-61C9ED403AE8}"
EndProject
Project("{FAE04EC0-301F-11D3-BF4B-00C04F79EFBC}") = "lab_18_rabbit_database_crud", "lab_18_rabbit_database_crud\lab_18_rabbit_database_crud.csproj", "{CD46AD48-B308-4FE6-BA94-E4EE68AD1779}"
EndProject
Project("{9A19103F-16F7-4668-BE54-9A1E7A4F7556}") = "lab_19_Struct", "lab_19_Struct\lab_19_Struct.csproj", "{717AA900-9F23-4FBA-A60C-179654F53287}"
EndProject
Project("{9A19103F-16F7-4668-BE54-9A1E7A4F7556}") = "lab_20_arrays", "lab_20_arrays\lab_20_arrays.csproj", "{78ED7DF7-CC81-420E-8D51-5FEADCCCB709}"
EndProject
Project("{9A19103F-16F7-4668-BE54-9A1E7A4F7556}") = "lab_21_collections", "lab_21_collections\lab_21_collections.csproj", "{BF7D8742-0613-4C25-9F81-3F2BE69788CC}"
EndProject
Project("{FAE04EC0-301F-11D3-BF4B-00C04F79EFBC}") = "lab_22_Northwind", "lab_22_Northwind\lab_22_Northwind.csproj", "{BAF74449-5F1D-44B5-918B-9D21D953EE46}"
EndProject
Project("{FAE04EC0-301F-11D3-BF4B-00C04F79EFBC}") = "lab_23_LINQ", "lab_23_LINQ\lab_23_LINQ.csproj", "{16259C48-5C09-4F9D-BC58-7FA87455F40F}"
EndProject
Project("{FAE04EC0-301F-11D3-BF4B-00C04F79EFBC}") = "lab_24_Customers_App", "lab_24_Customers_App\lab_24_Customers_App.csproj", "{66E1C845-2C02-409F-9C3E-440016D3714A}"
EndProject
Project("{9A19103F-16F7-4668-BE54-9A1E7A4F7556}") = "lab_25_Data_Types", "lab_25_Data_Types\lab_25_Data_Types.csproj", "{EF51BA21-1AE9-4292-9DC7-CC472EDD35C5}"
EndProject
Project("{9A19103F-16F7-4668-BE54-9A1E7A4F7556}") = "lab_26_Exceptions", "lab_26_Exceptions\lab_26_Exceptions.csproj", "{2C42A3C8-C99E-4D64-B6E0-7B8A7CF8AC8F}"
EndProject
Project("{9A19103F-16F7-4668-BE54-9A1E7A4F7556}") = "lab_27_interfaces", "lab_27_interfaces\lab_27_interfaces.csproj", "{0FF2E8F3-72E9-497A-9D6E-BE161B50207F}"
EndProject
Project("{FAE04EC0-301F-11D3-BF4B-00C04F79EFBC}") = "just-do-it-project-1000", "just-do-it-project-1000\just-do-it-project-1000.csproj", "{C86A6390-F30F-47F5-B9F8-37E9E90E91A4}"
EndProject
Project("{FAE04EC0-301F-11D3-BF4B-00C04F79EFBC}") = "project_1000_console", "project_1000_console\project_1000_console.csproj", "{92C7C3BA-58B8-48F1-886B-92817D90FA81}"
EndProject
Project("{FAE04EC0-301F-11D3-BF4B-00C04F79EFBC}") = "project_1000_wpf", "project_1000_wpf\project_1000_wpf.csproj", "{E1FEB37E-74A1-4E28-B7F2-B680E20A2B1C}"
EndProject
Project("{FAE04EC0-301F-11D3-BF4B-00C04F79EFBC}") = "lab_29_export_to_office", "lab_29_export_to_office\lab_29_export_to_office.csproj", "{1931B1B8-1878-460A-BCE4-76A4107422E2}"
EndProject
Project("{FAE04EC0-301F-11D3-BF4B-00C04F79EFBC}") = "lab_mega_OOP_App", "lab_mega_OOP_App\lab_mega_OOP_App.csproj", "{3CB1C969-3CB1-42BD-AFD4-A04A9FBD697D}"
EndProject
Project("{FAE04EC0-301F-11D3-BF4B-00C04F79EFBC}") = "lab_30_async", "lab_30_async\lab_30_async.csproj", "{B9E5FA0D-60AE-414C-83A9-8DBDCCB10235}"
EndProject
Global
	GlobalSection(SolutionConfigurationPlatforms) = preSolution
		Debug|Any CPU = Debug|Any CPU
		Release|Any CPU = Release|Any CPU
	EndGlobalSection
	GlobalSection(ProjectConfigurationPlatforms) = postSolution
		{8884BE66-2532-43EB-9EF0-1080D6A9F04C}.Debug|Any CPU.ActiveCfg = Debug|Any CPU
		{8884BE66-2532-43EB-9EF0-1080D6A9F04C}.Debug|Any CPU.Build.0 = Debug|Any CPU
		{8884BE66-2532-43EB-9EF0-1080D6A9F04C}.Release|Any CPU.ActiveCfg = Release|Any CPU
		{8884BE66-2532-43EB-9EF0-1080D6A9F04C}.Release|Any CPU.Build.0 = Release|Any CPU
		{94C1E6FB-938A-4020-A71C-C0DBE7DC1496}.Debug|Any CPU.ActiveCfg = Debug|Any CPU
		{94C1E6FB-938A-4020-A71C-C0DBE7DC1496}.Debug|Any CPU.Build.0 = Debug|Any CPU
		{94C1E6FB-938A-4020-A71C-C0DBE7DC1496}.Release|Any CPU.ActiveCfg = Release|Any CPU
		{94C1E6FB-938A-4020-A71C-C0DBE7DC1496}.Release|Any CPU.Build.0 = Release|Any CPU
		{EFBFB539-5D23-4290-8196-4B55CB2DB1C1}.Debug|Any CPU.ActiveCfg = Debug|Any CPU
		{EFBFB539-5D23-4290-8196-4B55CB2DB1C1}.Debug|Any CPU.Build.0 = Debug|Any CPU
		{EFBFB539-5D23-4290-8196-4B55CB2DB1C1}.Release|Any CPU.ActiveCfg = Release|Any CPU
		{EFBFB539-5D23-4290-8196-4B55CB2DB1C1}.Release|Any CPU.Build.0 = Release|Any CPU
		{863BDE16-CA9B-42E0-9658-2633DD391101}.Debug|Any CPU.ActiveCfg = Debug|Any CPU
		{863BDE16-CA9B-42E0-9658-2633DD391101}.Debug|Any CPU.Build.0 = Debug|Any CPU
		{863BDE16-CA9B-42E0-9658-2633DD391101}.Release|Any CPU.ActiveCfg = Release|Any CPU
		{863BDE16-CA9B-42E0-9658-2633DD391101}.Release|Any CPU.Build.0 = Release|Any CPU
		{76FF5134-D682-47EB-A25A-15B2B9D50980}.Debug|Any CPU.ActiveCfg = Debug|Any CPU
		{76FF5134-D682-47EB-A25A-15B2B9D50980}.Debug|Any CPU.Build.0 = Debug|Any CPU
		{76FF5134-D682-47EB-A25A-15B2B9D50980}.Release|Any CPU.ActiveCfg = Release|Any CPU
		{76FF5134-D682-47EB-A25A-15B2B9D50980}.Release|Any CPU.Build.0 = Release|Any CPU
		{23A2D7CB-BDA8-4E8F-BF63-6824B86B0DF5}.Debug|Any CPU.ActiveCfg = Debug|Any CPU
		{23A2D7CB-BDA8-4E8F-BF63-6824B86B0DF5}.Debug|Any CPU.Build.0 = Debug|Any CPU
		{23A2D7CB-BDA8-4E8F-BF63-6824B86B0DF5}.Release|Any CPU.ActiveCfg = Release|Any CPU
		{23A2D7CB-BDA8-4E8F-BF63-6824B86B0DF5}.Release|Any CPU.Build.0 = Release|Any CPU
		{2D2BCFE1-161D-4AD7-802F-AA2DCE60C3CE}.Debug|Any CPU.ActiveCfg = Debug|Any CPU
		{2D2BCFE1-161D-4AD7-802F-AA2DCE60C3CE}.Debug|Any CPU.Build.0 = Debug|Any CPU
		{2D2BCFE1-161D-4AD7-802F-AA2DCE60C3CE}.Release|Any CPU.ActiveCfg = Release|Any CPU
		{2D2BCFE1-161D-4AD7-802F-AA2DCE60C3CE}.Release|Any CPU.Build.0 = Release|Any CPU
		{6ACC5B84-9447-4605-823A-5988223850EB}.Debug|Any CPU.ActiveCfg = Debug|Any CPU
		{6ACC5B84-9447-4605-823A-5988223850EB}.Debug|Any CPU.Build.0 = Debug|Any CPU
		{6ACC5B84-9447-4605-823A-5988223850EB}.Release|Any CPU.ActiveCfg = Release|Any CPU
		{6ACC5B84-9447-4605-823A-5988223850EB}.Release|Any CPU.Build.0 = Release|Any CPU
		{235E4079-84C0-4DF8-8A33-2526F0BF265C}.Debug|Any CPU.ActiveCfg = Debug|Any CPU
		{235E4079-84C0-4DF8-8A33-2526F0BF265C}.Debug|Any CPU.Build.0 = Debug|Any CPU
		{235E4079-84C0-4DF8-8A33-2526F0BF265C}.Release|Any CPU.ActiveCfg = Release|Any CPU
		{235E4079-84C0-4DF8-8A33-2526F0BF265C}.Release|Any CPU.Build.0 = Release|Any CPU
		{545193B3-B710-4298-A174-4D5DEFBFF5AD}.Debug|Any CPU.ActiveCfg = Debug|Any CPU
		{545193B3-B710-4298-A174-4D5DEFBFF5AD}.Debug|Any CPU.Build.0 = Debug|Any CPU
		{545193B3-B710-4298-A174-4D5DEFBFF5AD}.Release|Any CPU.ActiveCfg = Release|Any CPU
		{545193B3-B710-4298-A174-4D5DEFBFF5AD}.Release|Any CPU.Build.0 = Release|Any CPU
		{AF52B230-5118-4CC7-91BE-AED69733A640}.Debug|Any CPU.ActiveCfg = Debug|Any CPU
		{AF52B230-5118-4CC7-91BE-AED69733A640}.Debug|Any CPU.Build.0 = Debug|Any CPU
		{AF52B230-5118-4CC7-91BE-AED69733A640}.Release|Any CPU.ActiveCfg = Release|Any CPU
		{AF52B230-5118-4CC7-91BE-AED69733A640}.Release|Any CPU.Build.0 = Release|Any CPU
		{C8E556C6-4C52-43AD-ABC8-51A3A07702C2}.Debug|Any CPU.ActiveCfg = Debug|Any CPU
		{C8E556C6-4C52-43AD-ABC8-51A3A07702C2}.Debug|Any CPU.Build.0 = Debug|Any CPU
		{C8E556C6-4C52-43AD-ABC8-51A3A07702C2}.Release|Any CPU.ActiveCfg = Release|Any CPU
		{C8E556C6-4C52-43AD-ABC8-51A3A07702C2}.Release|Any CPU.Build.0 = Release|Any CPU
		{107E74FF-1B41-4B55-9A2B-EFCFE6FCDBED}.Debug|Any CPU.ActiveCfg = Debug|Any CPU
		{107E74FF-1B41-4B55-9A2B-EFCFE6FCDBED}.Debug|Any CPU.Build.0 = Debug|Any CPU
		{107E74FF-1B41-4B55-9A2B-EFCFE6FCDBED}.Release|Any CPU.ActiveCfg = Release|Any CPU
		{107E74FF-1B41-4B55-9A2B-EFCFE6FCDBED}.Release|Any CPU.Build.0 = Release|Any CPU
		{B9518436-C185-41DF-941C-87E3BF1351A2}.Debug|Any CPU.ActiveCfg = Debug|Any CPU
		{B9518436-C185-41DF-941C-87E3BF1351A2}.Debug|Any CPU.Build.0 = Debug|Any CPU
		{B9518436-C185-41DF-941C-87E3BF1351A2}.Release|Any CPU.ActiveCfg = Release|Any CPU
		{B9518436-C185-41DF-941C-87E3BF1351A2}.Release|Any CPU.Build.0 = Release|Any CPU
		{BD71E6A0-E834-4FDB-A0CD-20187219F1AA}.Debug|Any CPU.ActiveCfg = Debug|Any CPU
		{BD71E6A0-E834-4FDB-A0CD-20187219F1AA}.Debug|Any CPU.Build.0 = Debug|Any CPU
		{BD71E6A0-E834-4FDB-A0CD-20187219F1AA}.Release|Any CPU.ActiveCfg = Release|Any CPU
		{BD71E6A0-E834-4FDB-A0CD-20187219F1AA}.Release|Any CPU.Build.0 = Release|Any CPU
		{1A271CCD-5D59-416E-BF94-E1C5316FD527}.Debug|Any CPU.ActiveCfg = Debug|Any CPU
		{1A271CCD-5D59-416E-BF94-E1C5316FD527}.Debug|Any CPU.Build.0 = Debug|Any CPU
		{1A271CCD-5D59-416E-BF94-E1C5316FD527}.Release|Any CPU.ActiveCfg = Release|Any CPU
		{1A271CCD-5D59-416E-BF94-E1C5316FD527}.Release|Any CPU.Build.0 = Release|Any CPU
		{8317CFD5-FF43-4C4D-94A0-4BD38997F03D}.Debug|Any CPU.ActiveCfg = Debug|Any CPU
		{8317CFD5-FF43-4C4D-94A0-4BD38997F03D}.Debug|Any CPU.Build.0 = Debug|Any CPU
		{8317CFD5-FF43-4C4D-94A0-4BD38997F03D}.Release|Any CPU.ActiveCfg = Release|Any CPU
		{8317CFD5-FF43-4C4D-94A0-4BD38997F03D}.Release|Any CPU.Build.0 = Release|Any CPU
		{9ABF3F9B-2C53-4558-8B89-7414B4C743E2}.Debug|Any CPU.ActiveCfg = Debug|Any CPU
		{9ABF3F9B-2C53-4558-8B89-7414B4C743E2}.Debug|Any CPU.Build.0 = Debug|Any CPU
		{9ABF3F9B-2C53-4558-8B89-7414B4C743E2}.Release|Any CPU.ActiveCfg = Release|Any CPU
		{9ABF3F9B-2C53-4558-8B89-7414B4C743E2}.Release|Any CPU.Build.0 = Release|Any CPU
		{5EDA5BF0-7230-4DE2-9A3C-2BA9595E9399}.Debug|Any CPU.ActiveCfg = Debug|Any CPU
		{5EDA5BF0-7230-4DE2-9A3C-2BA9595E9399}.Debug|Any CPU.Build.0 = Debug|Any CPU
		{5EDA5BF0-7230-4DE2-9A3C-2BA9595E9399}.Release|Any CPU.ActiveCfg = Release|Any CPU
		{5EDA5BF0-7230-4DE2-9A3C-2BA9595E9399}.Release|Any CPU.Build.0 = Release|Any CPU
		{59B8CF73-B25E-4995-B329-931C44E92B6A}.Debug|Any CPU.ActiveCfg = Debug|Any CPU
		{59B8CF73-B25E-4995-B329-931C44E92B6A}.Debug|Any CPU.Build.0 = Debug|Any CPU
		{59B8CF73-B25E-4995-B329-931C44E92B6A}.Release|Any CPU.ActiveCfg = Release|Any CPU
		{59B8CF73-B25E-4995-B329-931C44E92B6A}.Release|Any CPU.Build.0 = Release|Any CPU
		{0A1D6819-ACBF-435B-B38C-61C9ED403AE8}.Debug|Any CPU.ActiveCfg = Debug|Any CPU
		{0A1D6819-ACBF-435B-B38C-61C9ED403AE8}.Debug|Any CPU.Build.0 = Debug|Any CPU
		{0A1D6819-ACBF-435B-B38C-61C9ED403AE8}.Release|Any CPU.ActiveCfg = Release|Any CPU
		{0A1D6819-ACBF-435B-B38C-61C9ED403AE8}.Release|Any CPU.Build.0 = Release|Any CPU
		{CD46AD48-B308-4FE6-BA94-E4EE68AD1779}.Debug|Any CPU.ActiveCfg = Debug|Any CPU
		{CD46AD48-B308-4FE6-BA94-E4EE68AD1779}.Debug|Any CPU.Build.0 = Debug|Any CPU
		{CD46AD48-B308-4FE6-BA94-E4EE68AD1779}.Release|Any CPU.ActiveCfg = Release|Any CPU
		{CD46AD48-B308-4FE6-BA94-E4EE68AD1779}.Release|Any CPU.Build.0 = Release|Any CPU
		{717AA900-9F23-4FBA-A60C-179654F53287}.Debug|Any CPU.ActiveCfg = Debug|Any CPU
		{717AA900-9F23-4FBA-A60C-179654F53287}.Debug|Any CPU.Build.0 = Debug|Any CPU
		{717AA900-9F23-4FBA-A60C-179654F53287}.Release|Any CPU.ActiveCfg = Release|Any CPU
		{717AA900-9F23-4FBA-A60C-179654F53287}.Release|Any CPU.Build.0 = Release|Any CPU
		{78ED7DF7-CC81-420E-8D51-5FEADCCCB709}.Debug|Any CPU.ActiveCfg = Debug|Any CPU
		{78ED7DF7-CC81-420E-8D51-5FEADCCCB709}.Debug|Any CPU.Build.0 = Debug|Any CPU
		{78ED7DF7-CC81-420E-8D51-5FEADCCCB709}.Release|Any CPU.ActiveCfg = Release|Any CPU
		{78ED7DF7-CC81-420E-8D51-5FEADCCCB709}.Release|Any CPU.Build.0 = Release|Any CPU
		{BF7D8742-0613-4C25-9F81-3F2BE69788CC}.Debug|Any CPU.ActiveCfg = Debug|Any CPU
		{BF7D8742-0613-4C25-9F81-3F2BE69788CC}.Debug|Any CPU.Build.0 = Debug|Any CPU
		{BF7D8742-0613-4C25-9F81-3F2BE69788CC}.Release|Any CPU.ActiveCfg = Release|Any CPU
		{BF7D8742-0613-4C25-9F81-3F2BE69788CC}.Release|Any CPU.Build.0 = Release|Any CPU
		{BAF74449-5F1D-44B5-918B-9D21D953EE46}.Debug|Any CPU.ActiveCfg = Debug|Any CPU
		{BAF74449-5F1D-44B5-918B-9D21D953EE46}.Debug|Any CPU.Build.0 = Debug|Any CPU
		{BAF74449-5F1D-44B5-918B-9D21D953EE46}.Release|Any CPU.ActiveCfg = Release|Any CPU
		{BAF74449-5F1D-44B5-918B-9D21D953EE46}.Release|Any CPU.Build.0 = Release|Any CPU
		{16259C48-5C09-4F9D-BC58-7FA87455F40F}.Debug|Any CPU.ActiveCfg = Debug|Any CPU
		{16259C48-5C09-4F9D-BC58-7FA87455F40F}.Debug|Any CPU.Build.0 = Debug|Any CPU
		{16259C48-5C09-4F9D-BC58-7FA87455F40F}.Release|Any CPU.ActiveCfg = Release|Any CPU
		{16259C48-5C09-4F9D-BC58-7FA87455F40F}.Release|Any CPU.Build.0 = Release|Any CPU
		{66E1C845-2C02-409F-9C3E-440016D3714A}.Debug|Any CPU.ActiveCfg = Debug|Any CPU
		{66E1C845-2C02-409F-9C3E-440016D3714A}.Debug|Any CPU.Build.0 = Debug|Any CPU
		{66E1C845-2C02-409F-9C3E-440016D3714A}.Release|Any CPU.ActiveCfg = Release|Any CPU
		{66E1C845-2C02-409F-9C3E-440016D3714A}.Release|Any CPU.Build.0 = Release|Any CPU
		{EF51BA21-1AE9-4292-9DC7-CC472EDD35C5}.Debug|Any CPU.ActiveCfg = Debug|Any CPU
		{EF51BA21-1AE9-4292-9DC7-CC472EDD35C5}.Debug|Any CPU.Build.0 = Debug|Any CPU
		{EF51BA21-1AE9-4292-9DC7-CC472EDD35C5}.Release|Any CPU.ActiveCfg = Release|Any CPU
		{EF51BA21-1AE9-4292-9DC7-CC472EDD35C5}.Release|Any CPU.Build.0 = Release|Any CPU
		{2C42A3C8-C99E-4D64-B6E0-7B8A7CF8AC8F}.Debug|Any CPU.ActiveCfg = Debug|Any CPU
		{2C42A3C8-C99E-4D64-B6E0-7B8A7CF8AC8F}.Debug|Any CPU.Build.0 = Debug|Any CPU
		{2C42A3C8-C99E-4D64-B6E0-7B8A7CF8AC8F}.Release|Any CPU.ActiveCfg = Release|Any CPU
		{2C42A3C8-C99E-4D64-B6E0-7B8A7CF8AC8F}.Release|Any CPU.Build.0 = Release|Any CPU
		{0FF2E8F3-72E9-497A-9D6E-BE161B50207F}.Debug|Any CPU.ActiveCfg = Debug|Any CPU
		{0FF2E8F3-72E9-497A-9D6E-BE161B50207F}.Debug|Any CPU.Build.0 = Debug|Any CPU
		{0FF2E8F3-72E9-497A-9D6E-BE161B50207F}.Release|Any CPU.ActiveCfg = Release|Any CPU
		{0FF2E8F3-72E9-497A-9D6E-BE161B50207F}.Release|Any CPU.Build.0 = Release|Any CPU
		{C86A6390-F30F-47F5-B9F8-37E9E90E91A4}.Debug|Any CPU.ActiveCfg = Debug|Any CPU
		{C86A6390-F30F-47F5-B9F8-37E9E90E91A4}.Debug|Any CPU.Build.0 = Debug|Any CPU
		{C86A6390-F30F-47F5-B9F8-37E9E90E91A4}.Release|Any CPU.ActiveCfg = Release|Any CPU
		{C86A6390-F30F-47F5-B9F8-37E9E90E91A4}.Release|Any CPU.Build.0 = Release|Any CPU
		{92C7C3BA-58B8-48F1-886B-92817D90FA81}.Debug|Any CPU.ActiveCfg = Debug|Any CPU
		{92C7C3BA-58B8-48F1-886B-92817D90FA81}.Debug|Any CPU.Build.0 = Debug|Any CPU
		{92C7C3BA-58B8-48F1-886B-92817D90FA81}.Release|Any CPU.ActiveCfg = Release|Any CPU
		{92C7C3BA-58B8-48F1-886B-92817D90FA81}.Release|Any CPU.Build.0 = Release|Any CPU
		{E1FEB37E-74A1-4E28-B7F2-B680E20A2B1C}.Debug|Any CPU.ActiveCfg = Debug|Any CPU
		{E1FEB37E-74A1-4E28-B7F2-B680E20A2B1C}.Debug|Any CPU.Build.0 = Debug|Any CPU
		{E1FEB37E-74A1-4E28-B7F2-B680E20A2B1C}.Release|Any CPU.ActiveCfg = Release|Any CPU
		{E1FEB37E-74A1-4E28-B7F2-B680E20A2B1C}.Release|Any CPU.Build.0 = Release|Any CPU
		{1931B1B8-1878-460A-BCE4-76A4107422E2}.Debug|Any CPU.ActiveCfg = Debug|Any CPU
		{1931B1B8-1878-460A-BCE4-76A4107422E2}.Debug|Any CPU.Build.0 = Debug|Any CPU
		{1931B1B8-1878-460A-BCE4-76A4107422E2}.Release|Any CPU.ActiveCfg = Release|Any CPU
		{1931B1B8-1878-460A-BCE4-76A4107422E2}.Release|Any CPU.Build.0 = Release|Any CPU
		{3CB1C969-3CB1-42BD-AFD4-A04A9FBD697D}.Debug|Any CPU.ActiveCfg = Debug|Any CPU
		{3CB1C969-3CB1-42BD-AFD4-A04A9FBD697D}.Debug|Any CPU.Build.0 = Debug|Any CPU
		{3CB1C969-3CB1-42BD-AFD4-A04A9FBD697D}.Release|Any CPU.ActiveCfg = Release|Any CPU
		{3CB1C969-3CB1-42BD-AFD4-A04A9FBD697D}.Release|Any CPU.Build.0 = Release|Any CPU
		{B9E5FA0D-60AE-414C-83A9-8DBDCCB10235}.Debug|Any CPU.ActiveCfg = Debug|Any CPU
		{B9E5FA0D-60AE-414C-83A9-8DBDCCB10235}.Debug|Any CPU.Build.0 = Debug|Any CPU
		{B9E5FA0D-60AE-414C-83A9-8DBDCCB10235}.Release|Any CPU.ActiveCfg = Release|Any CPU
		{B9E5FA0D-60AE-414C-83A9-8DBDCCB10235}.Release|Any CPU.Build.0 = Release|Any CPU
	EndGlobalSection
	GlobalSection(SolutionProperties) = preSolution
		HideSolutionNode = FALSE
	EndGlobalSection
	GlobalSection(ExtensibilityGlobals) = postSolution
		SolutionGuid = {6953E5E2-3A3D-4B57-8710-2E27596F0D13}
	EndGlobalSection
EndGlobal
